
Microsoft Visual Studio Solution File, Format Version 12.00
# Visual Studio Version 17
VisualStudioVersion = 17.0.32112.339
MinimumVisualStudioVersion = 10.0.40219.1
Project("{2150E333-8FDC-42A3-9474-1A3956D46DE8}") = "src", "src", "{8917E572-DD52-4847-A036-CD94A7A06632}"
EndProject
Project("{2150E333-8FDC-42A3-9474-1A3956D46DE8}") = "tests", "tests", "{C8C5CC62-2378-461F-9A4E-1ADB218A6FFE}"
EndProject
Project("{2150E333-8FDC-42A3-9474-1A3956D46DE8}") = "Examination", "Examination", "{42889655-2AF8-4E9D-A1B7-B6681EBE676E}"
EndProject
Project("{9A19103F-16F7-4668-BE54-9A1E7A4F7556}") = "Examination.API", "src\Examination\Examination.API\Examination.API.csproj", "{262E51E7-E7E0-4BB2-8BE4-52DBFE1F493A}"
EndProject
Project("{9A19103F-16F7-4668-BE54-9A1E7A4F7556}") = "Examination.Application", "src\Examination\Examination.Application\Examination.Application.csproj", "{C1DC4F3E-11B3-41BB-9CFE-A71636BB8A4B}"
EndProject
Project("{9A19103F-16F7-4668-BE54-9A1E7A4F7556}") = "Examination.Domain", "src\Examination\Examination.Domain\Examination.Domain.csproj", "{AE069F40-A8D0-4269-83FE-4D3F816BEDA8}"
EndProject
Project("{9A19103F-16F7-4668-BE54-9A1E7A4F7556}") = "Examination.Infrastructure", "src\Examination\Examination.Infrastructure\Examination.Infrastructure.csproj", "{C4FF4C61-A021-4BEB-8221-E296C1A4DBAE}"
EndProject
Project("{2150E333-8FDC-42A3-9474-1A3956D46DE8}") = "Examination", "Examination", "{966F2845-112F-4A4B-83EA-E18CBDD1FAF6}"
EndProject
Project("{9A19103F-16F7-4668-BE54-9A1E7A4F7556}") = "Examination.API.integrationTests", "tests\Examination\Examination.API.integrationTests\Examination.API.integrationTests.csproj", "{3E8326CC-9FCE-407D-BA03-BE1556E4ADB2}"
EndProject
Project("{9A19103F-16F7-4668-BE54-9A1E7A4F7556}") = "Examination.Application.UnitTests", "tests\Examination\Examination.Application.UnitTests\Examination.Application.UnitTests.csproj", "{4DD004F4-3EB6-44D7-A42A-EBFADEDE3085}"
EndProject
Project("{9A19103F-16F7-4668-BE54-9A1E7A4F7556}") = "Examination.Domain.UnitTests", "tests\Examination\Examination.Domain.UnitTests\Examination.Domain.UnitTests.csproj", "{2B4B02A3-CB36-46E8-9E80-34A0F6475EEE}"
EndProject
Project("{9A19103F-16F7-4668-BE54-9A1E7A4F7556}") = "Examination.Infrastructure.IntegrationTests", "tests\Examination\Examination.Infrastructure.IntegrationTests\Examination.Infrastructure.IntegrationTests.csproj", "{1AEEC587-A3D0-42FC-805D-56E206678236}"
EndProject
Project("{2150E333-8FDC-42A3-9474-1A3956D46DE8}") = "Identity", "Identity", "{3A38AD5A-994F-409F-B0C4-E27F9807CED0}"
EndProject
Project("{2150E333-8FDC-42A3-9474-1A3956D46DE8}") = "Identity", "Identity", "{527801F0-7CF8-4B88-9872-AAE371759F87}"
EndProject
Project("{9A19103F-16F7-4668-BE54-9A1E7A4F7556}") = "Identity.API.IntegrationTests", "tests\Identity\Identity.API.IntegrationTests\Identity.API.IntegrationTests.csproj", "{475C0939-4D58-4AD6-B9D1-EF9B56737AC8}"
EndProject
Project("{2150E333-8FDC-42A3-9474-1A3956D46DE8}") = "BuildingBlocks", "BuildingBlocks", "{8E359095-D60D-4C5C-BCB9-46DD3BB1605C}"
EndProject
Project("{9A19103F-16F7-4668-BE54-9A1E7A4F7556}") = "Examination.Dtos", "src\BuildingBlocks\Examination.Dtos\Examination.Dtos.csproj", "{B7F13FD9-912D-4C4B-B74A-E8532E61E030}"
EndProject
Project("{9A19103F-16F7-4668-BE54-9A1E7A4F7556}") = "Identity.Admin", "src\Identity\Identity.Admin\Identity.Admin.csproj", "{FD50BC74-242E-4EA2-B586-65CB8FCA12CA}"
EndProject
Project("{9A19103F-16F7-4668-BE54-9A1E7A4F7556}") = "Identity.Admin.BusinessLogic", "src\Identity\Identity.Admin.BusinessLogic\Identity.Admin.BusinessLogic.csproj", "{569FAB8B-D0AE-425F-80E7-85C2C7E15BCA}"
EndProject
Project("{9A19103F-16F7-4668-BE54-9A1E7A4F7556}") = "Identity.Admin.BusinessLogic.Identity", "src\Identity\Identity.Admin.BusinessLogic.Identity\Identity.Admin.BusinessLogic.Identity.csproj", "{E8619954-6A82-46B7-8507-E86FAA9DB320}"
EndProject
Project("{9A19103F-16F7-4668-BE54-9A1E7A4F7556}") = "Identity.Admin.BusinessLogic.Shared", "src\Identity\Identity.Admin.BusinessLogic.Shared\Identity.Admin.BusinessLogic.Shared.csproj", "{BF69D0F5-E1B8-48AE-B4F1-0E41675A8FE8}"
EndProject
Project("{9A19103F-16F7-4668-BE54-9A1E7A4F7556}") = "Identity.Admin.EntityFramework", "src\Identity\Identity.Admin.EntityFramework\Identity.Admin.EntityFramework.csproj", "{AD63A7B5-875D-4A78-A31C-05DA18CF2CD7}"
EndProject
Project("{9A19103F-16F7-4668-BE54-9A1E7A4F7556}") = "Identity.Admin.EntityFramework.Extensions", "src\Identity\Identity.Admin.EntityFramework.Extensions\Identity.Admin.EntityFramework.Extensions.csproj", "{7B72B41C-1742-47CE-89A0-864F143855F1}"
EndProject
Project("{9A19103F-16F7-4668-BE54-9A1E7A4F7556}") = "Identity.Admin.EntityFramework.Identity", "src\Identity\Identity.Admin.EntityFramework.Identity\Identity.Admin.EntityFramework.Identity.csproj", "{C0D74242-AA6B-4517-87CA-CA4BD3CA3D04}"
EndProject
Project("{9A19103F-16F7-4668-BE54-9A1E7A4F7556}") = "Identity.Admin.EntityFramework.Shared", "src\Identity\Identity.Admin.EntityFramework.Shared\Identity.Admin.EntityFramework.Shared.csproj", "{9F06088F-57B2-4C3C-BC6F-CAC12496B1D5}"
EndProject
Project("{9A19103F-16F7-4668-BE54-9A1E7A4F7556}") = "Identity.Admin.EntityFramework.SqlServer", "src\Identity\Identity.Admin.EntityFramework.SqlServer\Identity.Admin.EntityFramework.SqlServer.csproj", "{B8B39F21-758E-4640-AECD-153788235FA0}"
EndProject
Project("{9A19103F-16F7-4668-BE54-9A1E7A4F7556}") = "Identity.Shared", "src\Identity\Identity.Shared\Identity.Shared.csproj", "{946C7084-D946-42AD-9F54-FD65754D125C}"
EndProject
Project("{9A19103F-16F7-4668-BE54-9A1E7A4F7556}") = "Identity.STS.Identity", "src\Identity\Identity.STS.Identity\Identity.STS.Identity.csproj", "{EE36D524-CE22-422D-9868-B50C16CEA77D}"
EndProject
Project("{2150E333-8FDC-42A3-9474-1A3956D46DE8}") = "WebApps", "WebApps", "{CDC98816-85B1-48B8-9B5D-04D3380F27A8}"
EndProject
Project("{9A19103F-16F7-4668-BE54-9A1E7A4F7556}") = "AdminApp", "src\WebApps\AdminApp\AdminApp.csproj", "{86D37AF4-7EF6-4A56-9738-70BA023BE957}"
EndProject
Project("{2150E333-8FDC-42A3-9474-1A3956D46DE8}") = "Solution Items", "Solution Items", "{F56E22C7-0E79-4865-B24D-CF9B48259B9C}"
	ProjectSection(SolutionItems) = preProject
		README.md = README.md
	EndProjectSection
EndProject
Global
	GlobalSection(SolutionConfigurationPlatforms) = preSolution
		Debug|Any CPU = Debug|Any CPU
		Release|Any CPU = Release|Any CPU
	EndGlobalSection
	GlobalSection(ProjectConfigurationPlatforms) = postSolution
		{262E51E7-E7E0-4BB2-8BE4-52DBFE1F493A}.Debug|Any CPU.ActiveCfg = Debug|Any CPU
		{262E51E7-E7E0-4BB2-8BE4-52DBFE1F493A}.Debug|Any CPU.Build.0 = Debug|Any CPU
		{262E51E7-E7E0-4BB2-8BE4-52DBFE1F493A}.Release|Any CPU.ActiveCfg = Release|Any CPU
		{262E51E7-E7E0-4BB2-8BE4-52DBFE1F493A}.Release|Any CPU.Build.0 = Release|Any CPU
		{C1DC4F3E-11B3-41BB-9CFE-A71636BB8A4B}.Debug|Any CPU.ActiveCfg = Debug|Any CPU
		{C1DC4F3E-11B3-41BB-9CFE-A71636BB8A4B}.Debug|Any CPU.Build.0 = Debug|Any CPU
		{C1DC4F3E-11B3-41BB-9CFE-A71636BB8A4B}.Release|Any CPU.ActiveCfg = Release|Any CPU
		{C1DC4F3E-11B3-41BB-9CFE-A71636BB8A4B}.Release|Any CPU.Build.0 = Release|Any CPU
		{AE069F40-A8D0-4269-83FE-4D3F816BEDA8}.Debug|Any CPU.ActiveCfg = Debug|Any CPU
		{AE069F40-A8D0-4269-83FE-4D3F816BEDA8}.Debug|Any CPU.Build.0 = Debug|Any CPU
		{AE069F40-A8D0-4269-83FE-4D3F816BEDA8}.Release|Any CPU.ActiveCfg = Release|Any CPU
		{AE069F40-A8D0-4269-83FE-4D3F816BEDA8}.Release|Any CPU.Build.0 = Release|Any CPU
		{C4FF4C61-A021-4BEB-8221-E296C1A4DBAE}.Debug|Any CPU.ActiveCfg = Debug|Any CPU
		{C4FF4C61-A021-4BEB-8221-E296C1A4DBAE}.Debug|Any CPU.Build.0 = Debug|Any CPU
		{C4FF4C61-A021-4BEB-8221-E296C1A4DBAE}.Release|Any CPU.ActiveCfg = Release|Any CPU
		{C4FF4C61-A021-4BEB-8221-E296C1A4DBAE}.Release|Any CPU.Build.0 = Release|Any CPU
		{3E8326CC-9FCE-407D-BA03-BE1556E4ADB2}.Debug|Any CPU.ActiveCfg = Debug|Any CPU
		{3E8326CC-9FCE-407D-BA03-BE1556E4ADB2}.Debug|Any CPU.Build.0 = Debug|Any CPU
		{3E8326CC-9FCE-407D-BA03-BE1556E4ADB2}.Release|Any CPU.ActiveCfg = Release|Any CPU
		{3E8326CC-9FCE-407D-BA03-BE1556E4ADB2}.Release|Any CPU.Build.0 = Release|Any CPU
		{4DD004F4-3EB6-44D7-A42A-EBFADEDE3085}.Debug|Any CPU.ActiveCfg = Debug|Any CPU
		{4DD004F4-3EB6-44D7-A42A-EBFADEDE3085}.Debug|Any CPU.Build.0 = Debug|Any CPU
		{4DD004F4-3EB6-44D7-A42A-EBFADEDE3085}.Release|Any CPU.ActiveCfg = Release|Any CPU
		{4DD004F4-3EB6-44D7-A42A-EBFADEDE3085}.Release|Any CPU.Build.0 = Release|Any CPU
		{2B4B02A3-CB36-46E8-9E80-34A0F6475EEE}.Debug|Any CPU.ActiveCfg = Debug|Any CPU
		{2B4B02A3-CB36-46E8-9E80-34A0F6475EEE}.Debug|Any CPU.Build.0 = Debug|Any CPU
		{2B4B02A3-CB36-46E8-9E80-34A0F6475EEE}.Release|Any CPU.ActiveCfg = Release|Any CPU
		{2B4B02A3-CB36-46E8-9E80-34A0F6475EEE}.Release|Any CPU.Build.0 = Release|Any CPU
		{1AEEC587-A3D0-42FC-805D-56E206678236}.Debug|Any CPU.ActiveCfg = Debug|Any CPU
		{1AEEC587-A3D0-42FC-805D-56E206678236}.Debug|Any CPU.Build.0 = Debug|Any CPU
		{1AEEC587-A3D0-42FC-805D-56E206678236}.Release|Any CPU.ActiveCfg = Release|Any CPU
		{1AEEC587-A3D0-42FC-805D-56E206678236}.Release|Any CPU.Build.0 = Release|Any CPU
		{475C0939-4D58-4AD6-B9D1-EF9B56737AC8}.Debug|Any CPU.ActiveCfg = Debug|Any CPU
		{475C0939-4D58-4AD6-B9D1-EF9B56737AC8}.Debug|Any CPU.Build.0 = Debug|Any CPU
		{475C0939-4D58-4AD6-B9D1-EF9B56737AC8}.Release|Any CPU.ActiveCfg = Release|Any CPU
		{475C0939-4D58-4AD6-B9D1-EF9B56737AC8}.Release|Any CPU.Build.0 = Release|Any CPU
		{B7F13FD9-912D-4C4B-B74A-E8532E61E030}.Debug|Any CPU.ActiveCfg = Debug|Any CPU
		{B7F13FD9-912D-4C4B-B74A-E8532E61E030}.Debug|Any CPU.Build.0 = Debug|Any CPU
		{B7F13FD9-912D-4C4B-B74A-E8532E61E030}.Release|Any CPU.ActiveCfg = Release|Any CPU
		{B7F13FD9-912D-4C4B-B74A-E8532E61E030}.Release|Any CPU.Build.0 = Release|Any CPU
		{FD50BC74-242E-4EA2-B586-65CB8FCA12CA}.Debug|Any CPU.ActiveCfg = Debug|Any CPU
		{FD50BC74-242E-4EA2-B586-65CB8FCA12CA}.Debug|Any CPU.Build.0 = Debug|Any CPU
		{FD50BC74-242E-4EA2-B586-65CB8FCA12CA}.Release|Any CPU.ActiveCfg = Release|Any CPU
		{FD50BC74-242E-4EA2-B586-65CB8FCA12CA}.Release|Any CPU.Build.0 = Release|Any CPU
		{569FAB8B-D0AE-425F-80E7-85C2C7E15BCA}.Debug|Any CPU.ActiveCfg = Debug|Any CPU
		{569FAB8B-D0AE-425F-80E7-85C2C7E15BCA}.Debug|Any CPU.Build.0 = Debug|Any CPU
		{569FAB8B-D0AE-425F-80E7-85C2C7E15BCA}.Release|Any CPU.ActiveCfg = Release|Any CPU
		{569FAB8B-D0AE-425F-80E7-85C2C7E15BCA}.Release|Any CPU.Build.0 = Release|Any CPU
		{E8619954-6A82-46B7-8507-E86FAA9DB320}.Debug|Any CPU.ActiveCfg = Debug|Any CPU
		{E8619954-6A82-46B7-8507-E86FAA9DB320}.Debug|Any CPU.Build.0 = Debug|Any CPU
		{E8619954-6A82-46B7-8507-E86FAA9DB320}.Release|Any CPU.ActiveCfg = Release|Any CPU
		{E8619954-6A82-46B7-8507-E86FAA9DB320}.Release|Any CPU.Build.0 = Release|Any CPU
		{BF69D0F5-E1B8-48AE-B4F1-0E41675A8FE8}.Debug|Any CPU.ActiveCfg = Debug|Any CPU
		{BF69D0F5-E1B8-48AE-B4F1-0E41675A8FE8}.Debug|Any CPU.Build.0 = Debug|Any CPU
		{BF69D0F5-E1B8-48AE-B4F1-0E41675A8FE8}.Release|Any CPU.ActiveCfg = Release|Any CPU
		{BF69D0F5-E1B8-48AE-B4F1-0E41675A8FE8}.Release|Any CPU.Build.0 = Release|Any CPU
		{AD63A7B5-875D-4A78-A31C-05DA18CF2CD7}.Debug|Any CPU.ActiveCfg = Debug|Any CPU
		{AD63A7B5-875D-4A78-A31C-05DA18CF2CD7}.Debug|Any CPU.Build.0 = Debug|Any CPU
		{AD63A7B5-875D-4A78-A31C-05DA18CF2CD7}.Release|Any CPU.ActiveCfg = Release|Any CPU
		{AD63A7B5-875D-4A78-A31C-05DA18CF2CD7}.Release|Any CPU.Build.0 = Release|Any CPU
		{7B72B41C-1742-47CE-89A0-864F143855F1}.Debug|Any CPU.ActiveCfg = Debug|Any CPU
		{7B72B41C-1742-47CE-89A0-864F143855F1}.Debug|Any CPU.Build.0 = Debug|Any CPU
		{7B72B41C-1742-47CE-89A0-864F143855F1}.Release|Any CPU.ActiveCfg = Release|Any CPU
		{7B72B41C-1742-47CE-89A0-864F143855F1}.Release|Any CPU.Build.0 = Release|Any CPU
		{C0D74242-AA6B-4517-87CA-CA4BD3CA3D04}.Debug|Any CPU.ActiveCfg = Debug|Any CPU
		{C0D74242-AA6B-4517-87CA-CA4BD3CA3D04}.Debug|Any CPU.Build.0 = Debug|Any CPU
		{C0D74242-AA6B-4517-87CA-CA4BD3CA3D04}.Release|Any CPU.ActiveCfg = Release|Any CPU
		{C0D74242-AA6B-4517-87CA-CA4BD3CA3D04}.Release|Any CPU.Build.0 = Release|Any CPU
		{9F06088F-57B2-4C3C-BC6F-CAC12496B1D5}.Debug|Any CPU.ActiveCfg = Debug|Any CPU
		{9F06088F-57B2-4C3C-BC6F-CAC12496B1D5}.Debug|Any CPU.Build.0 = Debug|Any CPU
		{9F06088F-57B2-4C3C-BC6F-CAC12496B1D5}.Release|Any CPU.ActiveCfg = Release|Any CPU
		{9F06088F-57B2-4C3C-BC6F-CAC12496B1D5}.Release|Any CPU.Build.0 = Release|Any CPU
		{B8B39F21-758E-4640-AECD-153788235FA0}.Debug|Any CPU.ActiveCfg = Debug|Any CPU
		{B8B39F21-758E-4640-AECD-153788235FA0}.Debug|Any CPU.Build.0 = Debug|Any CPU
		{B8B39F21-758E-4640-AECD-153788235FA0}.Release|Any CPU.ActiveCfg = Release|Any CPU
		{B8B39F21-758E-4640-AECD-153788235FA0}.Release|Any CPU.Build.0 = Release|Any CPU
		{946C7084-D946-42AD-9F54-FD65754D125C}.Debug|Any CPU.ActiveCfg = Debug|Any CPU
		{946C7084-D946-42AD-9F54-FD65754D125C}.Debug|Any CPU.Build.0 = Debug|Any CPU
		{946C7084-D946-42AD-9F54-FD65754D125C}.Release|Any CPU.ActiveCfg = Release|Any CPU
		{946C7084-D946-42AD-9F54-FD65754D125C}.Release|Any CPU.Build.0 = Release|Any CPU
		{EE36D524-CE22-422D-9868-B50C16CEA77D}.Debug|Any CPU.ActiveCfg = Debug|Any CPU
		{EE36D524-CE22-422D-9868-B50C16CEA77D}.Debug|Any CPU.Build.0 = Debug|Any CPU
		{EE36D524-CE22-422D-9868-B50C16CEA77D}.Release|Any CPU.ActiveCfg = Release|Any CPU
		{EE36D524-CE22-422D-9868-B50C16CEA77D}.Release|Any CPU.Build.0 = Release|Any CPU
		{86D37AF4-7EF6-4A56-9738-70BA023BE957}.Debug|Any CPU.ActiveCfg = Debug|Any CPU
		{86D37AF4-7EF6-4A56-9738-70BA023BE957}.Debug|Any CPU.Build.0 = Debug|Any CPU
		{86D37AF4-7EF6-4A56-9738-70BA023BE957}.Release|Any CPU.ActiveCfg = Release|Any CPU
		{86D37AF4-7EF6-4A56-9738-70BA023BE957}.Release|Any CPU.Build.0 = Release|Any CPU
	EndGlobalSection
	GlobalSection(SolutionProperties) = preSolution
		HideSolutionNode = FALSE
	EndGlobalSection
	GlobalSection(NestedProjects) = preSolution
		{42889655-2AF8-4E9D-A1B7-B6681EBE676E} = {8917E572-DD52-4847-A036-CD94A7A06632}
		{262E51E7-E7E0-4BB2-8BE4-52DBFE1F493A} = {42889655-2AF8-4E9D-A1B7-B6681EBE676E}
		{C1DC4F3E-11B3-41BB-9CFE-A71636BB8A4B} = {42889655-2AF8-4E9D-A1B7-B6681EBE676E}
		{AE069F40-A8D0-4269-83FE-4D3F816BEDA8} = {42889655-2AF8-4E9D-A1B7-B6681EBE676E}
		{C4FF4C61-A021-4BEB-8221-E296C1A4DBAE} = {42889655-2AF8-4E9D-A1B7-B6681EBE676E}
		{966F2845-112F-4A4B-83EA-E18CBDD1FAF6} = {C8C5CC62-2378-461F-9A4E-1ADB218A6FFE}
		{3E8326CC-9FCE-407D-BA03-BE1556E4ADB2} = {966F2845-112F-4A4B-83EA-E18CBDD1FAF6}
		{4DD004F4-3EB6-44D7-A42A-EBFADEDE3085} = {966F2845-112F-4A4B-83EA-E18CBDD1FAF6}
		{2B4B02A3-CB36-46E8-9E80-34A0F6475EEE} = {966F2845-112F-4A4B-83EA-E18CBDD1FAF6}
		{1AEEC587-A3D0-42FC-805D-56E206678236} = {966F2845-112F-4A4B-83EA-E18CBDD1FAF6}
		{3A38AD5A-994F-409F-B0C4-E27F9807CED0} = {8917E572-DD52-4847-A036-CD94A7A06632}
		{527801F0-7CF8-4B88-9872-AAE371759F87} = {C8C5CC62-2378-461F-9A4E-1ADB218A6FFE}
		{475C0939-4D58-4AD6-B9D1-EF9B56737AC8} = {527801F0-7CF8-4B88-9872-AAE371759F87}
		{8E359095-D60D-4C5C-BCB9-46DD3BB1605C} = {8917E572-DD52-4847-A036-CD94A7A06632}
		{B7F13FD9-912D-4C4B-B74A-E8532E61E030} = {8E359095-D60D-4C5C-BCB9-46DD3BB1605C}
		{FD50BC74-242E-4EA2-B586-65CB8FCA12CA} = {3A38AD5A-994F-409F-B0C4-E27F9807CED0}
		{569FAB8B-D0AE-425F-80E7-85C2C7E15BCA} = {3A38AD5A-994F-409F-B0C4-E27F9807CED0}
		{E8619954-6A82-46B7-8507-E86FAA9DB320} = {3A38AD5A-994F-409F-B0C4-E27F9807CED0}
		{BF69D0F5-E1B8-48AE-B4F1-0E41675A8FE8} = {3A38AD5A-994F-409F-B0C4-E27F9807CED0}
		{AD63A7B5-875D-4A78-A31C-05DA18CF2CD7} = {3A38AD5A-994F-409F-B0C4-E27F9807CED0}
		{7B72B41C-1742-47CE-89A0-864F143855F1} = {3A38AD5A-994F-409F-B0C4-E27F9807CED0}
		{C0D74242-AA6B-4517-87CA-CA4BD3CA3D04} = {3A38AD5A-994F-409F-B0C4-E27F9807CED0}
		{9F06088F-57B2-4C3C-BC6F-CAC12496B1D5} = {3A38AD5A-994F-409F-B0C4-E27F9807CED0}
		{B8B39F21-758E-4640-AECD-153788235FA0} = {3A38AD5A-994F-409F-B0C4-E27F9807CED0}
		{946C7084-D946-42AD-9F54-FD65754D125C} = {3A38AD5A-994F-409F-B0C4-E27F9807CED0}
		{EE36D524-CE22-422D-9868-B50C16CEA77D} = {3A38AD5A-994F-409F-B0C4-E27F9807CED0}
		{CDC98816-85B1-48B8-9B5D-04D3380F27A8} = {8917E572-DD52-4847-A036-CD94A7A06632}
		{86D37AF4-7EF6-4A56-9738-70BA023BE957} = {CDC98816-85B1-48B8-9B5D-04D3380F27A8}
	EndGlobalSection
	GlobalSection(ExtensibilityGlobals) = postSolution
		SolutionGuid = {669EA63B-F246-4136-B44C-1FFFB9175698}
	EndGlobalSection
EndGlobal
