
Microsoft Visual Studio Solution File, Format Version 12.00
# Visual Studio Version 17
VisualStudioVersion = 17.0.32112.339
MinimumVisualStudioVersion = 10.0.40219.1
Project("{2150E333-8FDC-42A3-9474-1A3956D46DE8}") = "src", "src", "{8917E572-DD52-4847-A036-CD94A7A06632}"
EndProject
Project("{2150E333-8FDC-42A3-9474-1A3956D46DE8}") = "tests", "tests", "{C8C5CC62-2378-461F-9A4E-1ADB218A6FFE}"
EndProject
Project("{2150E333-8FDC-42A3-9474-1A3956D46DE8}") = "Examination", "Examination", "{42889655-2AF8-4E9D-A1B7-B6681EBE676E}"
EndProject
Project("{2150E333-8FDC-42A3-9474-1A3956D46DE8}") = "Examination", "Examination", "{966F2845-112F-4A4B-83EA-E18CBDD1FAF6}"
EndProject
Project("{9A19103F-16F7-4668-BE54-9A1E7A4F7556}") = "Examination.API.integrationTests", "tests\Examination\Examination.API.integrationTests\Examination.API.integrationTests.csproj", "{3E8326CC-9FCE-407D-BA03-BE1556E4ADB2}"
EndProject
Project("{9A19103F-16F7-4668-BE54-9A1E7A4F7556}") = "Examination.Application.UnitTests", "tests\Examination\Examination.Application.UnitTests\Examination.Application.UnitTests.csproj", "{4DD004F4-3EB6-44D7-A42A-EBFADEDE3085}"
EndProject
Project("{9A19103F-16F7-4668-BE54-9A1E7A4F7556}") = "Examination.Domain.UnitTests", "tests\Examination\Examination.Domain.UnitTests\Examination.Domain.UnitTests.csproj", "{2B4B02A3-CB36-46E8-9E80-34A0F6475EEE}"
EndProject
Project("{9A19103F-16F7-4668-BE54-9A1E7A4F7556}") = "Examination.Infrastructure.IntegrationTests", "tests\Examination\Examination.Infrastructure.IntegrationTests\Examination.Infrastructure.IntegrationTests.csproj", "{1AEEC587-A3D0-42FC-805D-56E206678236}"
EndProject
Project("{2150E333-8FDC-42A3-9474-1A3956D46DE8}") = "Identity", "Identity", "{3A38AD5A-994F-409F-B0C4-E27F9807CED0}"
EndProject
Project("{2150E333-8FDC-42A3-9474-1A3956D46DE8}") = "Identity", "Identity", "{527801F0-7CF8-4B88-9872-AAE371759F87}"
EndProject
Project("{9A19103F-16F7-4668-BE54-9A1E7A4F7556}") = "Identity.API.IntegrationTests", "tests\Identity\Identity.API.IntegrationTests\Identity.API.IntegrationTests.csproj", "{475C0939-4D58-4AD6-B9D1-EF9B56737AC8}"
EndProject
Project("{2150E333-8FDC-42A3-9474-1A3956D46DE8}") = "BuildingBlocks", "BuildingBlocks", "{8E359095-D60D-4C5C-BCB9-46DD3BB1605C}"
EndProject
Project("{2150E333-8FDC-42A3-9474-1A3956D46DE8}") = "Solution Items", "Solution Items", "{F56E22C7-0E79-4865-B24D-CF9B48259B9C}"
	ProjectSection(SolutionItems) = preProject
		README.md = README.md
	EndProjectSection
EndProject
Project("{2150E333-8FDC-42A3-9474-1A3956D46DE8}") = "Services", "Services", "{1111D1B6-F32B-45A6-85F1-5650E15BE8DF}"
EndProject
Project("{9A19103F-16F7-4668-BE54-9A1E7A4F7556}") = "Examination.Shared", "src\BuildingBlocks\Examination.Shared\Examination.Shared.csproj", "{FF692541-B65C-44CB-A3CD-5AEF8A898917}"
EndProject
Project("{9A19103F-16F7-4668-BE54-9A1E7A4F7556}") = "Examination.API", "src\Services\Examination\Examination.API\Examination.API.csproj", "{FB920263-B52A-4F7F-AA06-FC8451B37315}"
EndProject
Project("{9A19103F-16F7-4668-BE54-9A1E7A4F7556}") = "Examination.Application", "src\Services\Examination\Examination.Application\Examination.Application.csproj", "{E883A9B5-32FF-4370-90BD-AF830C8D569D}"
EndProject
Project("{9A19103F-16F7-4668-BE54-9A1E7A4F7556}") = "Examination.Domain", "src\Services\Examination\Examination.Domain\Examination.Domain.csproj", "{47522A31-5FB3-4051-BA24-DC62942D6A2E}"
EndProject
Project("{9A19103F-16F7-4668-BE54-9A1E7A4F7556}") = "Identity.Admin", "src\Services\Identity\Identity.Admin\Identity.Admin.csproj", "{D4A7DDD5-9FDC-4728-ABB7-0E87CBFC881C}"
EndProject
Project("{9A19103F-16F7-4668-BE54-9A1E7A4F7556}") = "Identity.Admin.Api", "src\Services\Identity\Identity.Admin.Api\Identity.Admin.Api.csproj", "{E757D0C4-36CC-4902-8AC0-8B564F003295}"
EndProject
Project("{9A19103F-16F7-4668-BE54-9A1E7A4F7556}") = "Identity.Admin.BusinessLogic", "src\Services\Identity\Identity.Admin.BusinessLogic\Identity.Admin.BusinessLogic.csproj", "{AAB62566-1AB2-4A33-AA9D-F152FB5DFABA}"
EndProject
Project("{9A19103F-16F7-4668-BE54-9A1E7A4F7556}") = "Identity.Admin.BusinessLogic.Identity", "src\Services\Identity\Identity.Admin.BusinessLogic.Identity\Identity.Admin.BusinessLogic.Identity.csproj", "{0BE8A644-C992-418D-863B-A919A6E429F1}"
EndProject
Project("{9A19103F-16F7-4668-BE54-9A1E7A4F7556}") = "Identity.Admin.BusinessLogic.Shared", "src\Services\Identity\Identity.Admin.BusinessLogic.Shared\Identity.Admin.BusinessLogic.Shared.csproj", "{A80C77F9-C450-45DB-BD2B-4C827F3B8066}"
EndProject
Project("{9A19103F-16F7-4668-BE54-9A1E7A4F7556}") = "Identity.Admin.EntityFramework", "src\Services\Identity\Identity.Admin.EntityFramework\Identity.Admin.EntityFramework.csproj", "{E2AAC65F-E7BD-40D1-AC8A-5CA1914C5767}"
EndProject
Project("{9A19103F-16F7-4668-BE54-9A1E7A4F7556}") = "Identity.Admin.EntityFramework.Configuration", "src\Services\Identity\Identity.Admin.EntityFramework.Configuration\Identity.Admin.EntityFramework.Configuration.csproj", "{6DF2F73C-8046-41F7-9820-B9D4CA182772}"
EndProject
Project("{9A19103F-16F7-4668-BE54-9A1E7A4F7556}") = "Identity.Admin.EntityFramework.Extensions", "src\Services\Identity\Identity.Admin.EntityFramework.Extensions\Identity.Admin.EntityFramework.Extensions.csproj", "{C2C81D84-47A2-451D-ABCB-7A93C923AB7D}"
EndProject
Project("{9A19103F-16F7-4668-BE54-9A1E7A4F7556}") = "Identity.Admin.EntityFramework.Identity", "src\Services\Identity\Identity.Admin.EntityFramework.Identity\Identity.Admin.EntityFramework.Identity.csproj", "{BF330342-00B4-4BCF-ADD8-7A17F2E7B8D6}"
EndProject
Project("{9A19103F-16F7-4668-BE54-9A1E7A4F7556}") = "Identity.Admin.EntityFramework.MySql", "src\Services\Identity\Identity.Admin.EntityFramework.MySql\Identity.Admin.EntityFramework.MySql.csproj", "{131BBB9A-0F1B-482A-BDAA-15CB645D6C8D}"
EndProject
Project("{9A19103F-16F7-4668-BE54-9A1E7A4F7556}") = "Identity.Admin.EntityFramework.PostgreSQL", "src\Services\Identity\Identity.Admin.EntityFramework.PostgreSQL\Identity.Admin.EntityFramework.PostgreSQL.csproj", "{573C7010-9E21-4BBC-959B-6B2B138A1AFE}"
EndProject
Project("{9A19103F-16F7-4668-BE54-9A1E7A4F7556}") = "Identity.Admin.EntityFramework.Shared", "src\Services\Identity\Identity.Admin.EntityFramework.Shared\Identity.Admin.EntityFramework.Shared.csproj", "{0E5FCAC5-C8AA-418D-8A57-46B00ACC5B06}"
EndProject
Project("{9A19103F-16F7-4668-BE54-9A1E7A4F7556}") = "Identity.Admin.EntityFramework.SqlServer", "src\Services\Identity\Identity.Admin.EntityFramework.SqlServer\Identity.Admin.EntityFramework.SqlServer.csproj", "{52A238F7-4FAC-4908-9820-436A69954517}"
EndProject
Project("{9A19103F-16F7-4668-BE54-9A1E7A4F7556}") = "Identity.Admin.UI", "src\Services\Identity\Identity.Admin.UI\Identity.Admin.UI.csproj", "{8555724A-8365-47CB-8094-65D551A30583}"
EndProject
Project("{9A19103F-16F7-4668-BE54-9A1E7A4F7556}") = "Identity.Shared", "src\Services\Identity\Identity.Shared\Identity.Shared.csproj", "{CE988161-2C0C-4A4C-A8FC-256F0608DB61}"
EndProject
Project("{9A19103F-16F7-4668-BE54-9A1E7A4F7556}") = "Identity.Shared.Configuration", "src\Services\Identity\Identity.Shared.Configuration\Identity.Shared.Configuration.csproj", "{1C100D34-A3C1-4B88-9B4C-9E23E0D69BB6}"
EndProject
Project("{9A19103F-16F7-4668-BE54-9A1E7A4F7556}") = "Identity.STS.Identity", "src\Services\Identity\Identity.STS.Identity\Identity.STS.Identity.csproj", "{B13AC080-BC26-479A-8AC9-29DA217768D5}"
EndProject
Project("{9A19103F-16F7-4668-BE54-9A1E7A4F7556}") = "Examination.Infrastructure.MongoDB", "src\Services\Examination\Examination.Infrastructure.MongoDB\Examination.Infrastructure.MongoDB.csproj", "{C7D8956B-2300-4E19-9BE3-E4280B7A4BCD}"
EndProject
Project("{2150E333-8FDC-42A3-9474-1A3956D46DE8}") = "WebApps", "WebApps", "{D4C43EB0-0E3C-4DE4-882E-17C20A3E6DBC}"
EndProject
Project("{9A19103F-16F7-4668-BE54-9A1E7A4F7556}") = "AdminApp", "src\WebApps\AdminApp\AdminApp.csproj", "{FCF422C3-6327-4B7C-82F0-B6B53382B8E9}"
EndProject
Project("{FAE04EC0-301F-11D3-BF4B-00C04F79EFBC}") = "PortalApp", "src\WebApps\PortalApp\PortalApp.csproj", "{1A564AF7-A995-4CCD-B0C6-F44239048F68}"
EndProject
Global
	GlobalSection(SolutionConfigurationPlatforms) = preSolution
		Debug|Any CPU = Debug|Any CPU
		Release|Any CPU = Release|Any CPU
	EndGlobalSection
	GlobalSection(ProjectConfigurationPlatforms) = postSolution
		{3E8326CC-9FCE-407D-BA03-BE1556E4ADB2}.Debug|Any CPU.ActiveCfg = Debug|Any CPU
		{3E8326CC-9FCE-407D-BA03-BE1556E4ADB2}.Debug|Any CPU.Build.0 = Debug|Any CPU
		{3E8326CC-9FCE-407D-BA03-BE1556E4ADB2}.Release|Any CPU.ActiveCfg = Release|Any CPU
		{3E8326CC-9FCE-407D-BA03-BE1556E4ADB2}.Release|Any CPU.Build.0 = Release|Any CPU
		{4DD004F4-3EB6-44D7-A42A-EBFADEDE3085}.Debug|Any CPU.ActiveCfg = Debug|Any CPU
		{4DD004F4-3EB6-44D7-A42A-EBFADEDE3085}.Debug|Any CPU.Build.0 = Debug|Any CPU
		{4DD004F4-3EB6-44D7-A42A-EBFADEDE3085}.Release|Any CPU.ActiveCfg = Release|Any CPU
		{4DD004F4-3EB6-44D7-A42A-EBFADEDE3085}.Release|Any CPU.Build.0 = Release|Any CPU
		{2B4B02A3-CB36-46E8-9E80-34A0F6475EEE}.Debug|Any CPU.ActiveCfg = Debug|Any CPU
		{2B4B02A3-CB36-46E8-9E80-34A0F6475EEE}.Debug|Any CPU.Build.0 = Debug|Any CPU
		{2B4B02A3-CB36-46E8-9E80-34A0F6475EEE}.Release|Any CPU.ActiveCfg = Release|Any CPU
		{2B4B02A3-CB36-46E8-9E80-34A0F6475EEE}.Release|Any CPU.Build.0 = Release|Any CPU
		{1AEEC587-A3D0-42FC-805D-56E206678236}.Debug|Any CPU.ActiveCfg = Debug|Any CPU
		{1AEEC587-A3D0-42FC-805D-56E206678236}.Debug|Any CPU.Build.0 = Debug|Any CPU
		{1AEEC587-A3D0-42FC-805D-56E206678236}.Release|Any CPU.ActiveCfg = Release|Any CPU
		{1AEEC587-A3D0-42FC-805D-56E206678236}.Release|Any CPU.Build.0 = Release|Any CPU
		{475C0939-4D58-4AD6-B9D1-EF9B56737AC8}.Debug|Any CPU.ActiveCfg = Debug|Any CPU
		{475C0939-4D58-4AD6-B9D1-EF9B56737AC8}.Debug|Any CPU.Build.0 = Debug|Any CPU
		{475C0939-4D58-4AD6-B9D1-EF9B56737AC8}.Release|Any CPU.ActiveCfg = Release|Any CPU
		{475C0939-4D58-4AD6-B9D1-EF9B56737AC8}.Release|Any CPU.Build.0 = Release|Any CPU
		{FF692541-B65C-44CB-A3CD-5AEF8A898917}.Debug|Any CPU.ActiveCfg = Debug|Any CPU
		{FF692541-B65C-44CB-A3CD-5AEF8A898917}.Debug|Any CPU.Build.0 = Debug|Any CPU
		{FF692541-B65C-44CB-A3CD-5AEF8A898917}.Release|Any CPU.ActiveCfg = Release|Any CPU
		{FF692541-B65C-44CB-A3CD-5AEF8A898917}.Release|Any CPU.Build.0 = Release|Any CPU
		{FB920263-B52A-4F7F-AA06-FC8451B37315}.Debug|Any CPU.ActiveCfg = Debug|Any CPU
		{FB920263-B52A-4F7F-AA06-FC8451B37315}.Debug|Any CPU.Build.0 = Debug|Any CPU
		{FB920263-B52A-4F7F-AA06-FC8451B37315}.Release|Any CPU.ActiveCfg = Release|Any CPU
		{FB920263-B52A-4F7F-AA06-FC8451B37315}.Release|Any CPU.Build.0 = Release|Any CPU
		{E883A9B5-32FF-4370-90BD-AF830C8D569D}.Debug|Any CPU.ActiveCfg = Debug|Any CPU
		{E883A9B5-32FF-4370-90BD-AF830C8D569D}.Debug|Any CPU.Build.0 = Debug|Any CPU
		{E883A9B5-32FF-4370-90BD-AF830C8D569D}.Release|Any CPU.ActiveCfg = Release|Any CPU
		{E883A9B5-32FF-4370-90BD-AF830C8D569D}.Release|Any CPU.Build.0 = Release|Any CPU
		{47522A31-5FB3-4051-BA24-DC62942D6A2E}.Debug|Any CPU.ActiveCfg = Debug|Any CPU
		{47522A31-5FB3-4051-BA24-DC62942D6A2E}.Debug|Any CPU.Build.0 = Debug|Any CPU
		{47522A31-5FB3-4051-BA24-DC62942D6A2E}.Release|Any CPU.ActiveCfg = Release|Any CPU
		{47522A31-5FB3-4051-BA24-DC62942D6A2E}.Release|Any CPU.Build.0 = Release|Any CPU
		{D4A7DDD5-9FDC-4728-ABB7-0E87CBFC881C}.Debug|Any CPU.ActiveCfg = Debug|Any CPU
		{D4A7DDD5-9FDC-4728-ABB7-0E87CBFC881C}.Debug|Any CPU.Build.0 = Debug|Any CPU
		{D4A7DDD5-9FDC-4728-ABB7-0E87CBFC881C}.Release|Any CPU.ActiveCfg = Release|Any CPU
		{D4A7DDD5-9FDC-4728-ABB7-0E87CBFC881C}.Release|Any CPU.Build.0 = Release|Any CPU
		{E757D0C4-36CC-4902-8AC0-8B564F003295}.Debug|Any CPU.ActiveCfg = Debug|Any CPU
		{E757D0C4-36CC-4902-8AC0-8B564F003295}.Debug|Any CPU.Build.0 = Debug|Any CPU
		{E757D0C4-36CC-4902-8AC0-8B564F003295}.Release|Any CPU.ActiveCfg = Release|Any CPU
		{E757D0C4-36CC-4902-8AC0-8B564F003295}.Release|Any CPU.Build.0 = Release|Any CPU
		{AAB62566-1AB2-4A33-AA9D-F152FB5DFABA}.Debug|Any CPU.ActiveCfg = Debug|Any CPU
		{AAB62566-1AB2-4A33-AA9D-F152FB5DFABA}.Debug|Any CPU.Build.0 = Debug|Any CPU
		{AAB62566-1AB2-4A33-AA9D-F152FB5DFABA}.Release|Any CPU.ActiveCfg = Release|Any CPU
		{AAB62566-1AB2-4A33-AA9D-F152FB5DFABA}.Release|Any CPU.Build.0 = Release|Any CPU
		{0BE8A644-C992-418D-863B-A919A6E429F1}.Debug|Any CPU.ActiveCfg = Debug|Any CPU
		{0BE8A644-C992-418D-863B-A919A6E429F1}.Debug|Any CPU.Build.0 = Debug|Any CPU
		{0BE8A644-C992-418D-863B-A919A6E429F1}.Release|Any CPU.ActiveCfg = Release|Any CPU
		{0BE8A644-C992-418D-863B-A919A6E429F1}.Release|Any CPU.Build.0 = Release|Any CPU
		{A80C77F9-C450-45DB-BD2B-4C827F3B8066}.Debug|Any CPU.ActiveCfg = Debug|Any CPU
		{A80C77F9-C450-45DB-BD2B-4C827F3B8066}.Debug|Any CPU.Build.0 = Debug|Any CPU
		{A80C77F9-C450-45DB-BD2B-4C827F3B8066}.Release|Any CPU.ActiveCfg = Release|Any CPU
		{A80C77F9-C450-45DB-BD2B-4C827F3B8066}.Release|Any CPU.Build.0 = Release|Any CPU
		{E2AAC65F-E7BD-40D1-AC8A-5CA1914C5767}.Debug|Any CPU.ActiveCfg = Debug|Any CPU
		{E2AAC65F-E7BD-40D1-AC8A-5CA1914C5767}.Debug|Any CPU.Build.0 = Debug|Any CPU
		{E2AAC65F-E7BD-40D1-AC8A-5CA1914C5767}.Release|Any CPU.ActiveCfg = Release|Any CPU
		{E2AAC65F-E7BD-40D1-AC8A-5CA1914C5767}.Release|Any CPU.Build.0 = Release|Any CPU
		{6DF2F73C-8046-41F7-9820-B9D4CA182772}.Debug|Any CPU.ActiveCfg = Debug|Any CPU
		{6DF2F73C-8046-41F7-9820-B9D4CA182772}.Debug|Any CPU.Build.0 = Debug|Any CPU
		{6DF2F73C-8046-41F7-9820-B9D4CA182772}.Release|Any CPU.ActiveCfg = Release|Any CPU
		{6DF2F73C-8046-41F7-9820-B9D4CA182772}.Release|Any CPU.Build.0 = Release|Any CPU
		{C2C81D84-47A2-451D-ABCB-7A93C923AB7D}.Debug|Any CPU.ActiveCfg = Debug|Any CPU
		{C2C81D84-47A2-451D-ABCB-7A93C923AB7D}.Debug|Any CPU.Build.0 = Debug|Any CPU
		{C2C81D84-47A2-451D-ABCB-7A93C923AB7D}.Release|Any CPU.ActiveCfg = Release|Any CPU
		{C2C81D84-47A2-451D-ABCB-7A93C923AB7D}.Release|Any CPU.Build.0 = Release|Any CPU
		{BF330342-00B4-4BCF-ADD8-7A17F2E7B8D6}.Debug|Any CPU.ActiveCfg = Debug|Any CPU
		{BF330342-00B4-4BCF-ADD8-7A17F2E7B8D6}.Debug|Any CPU.Build.0 = Debug|Any CPU
		{BF330342-00B4-4BCF-ADD8-7A17F2E7B8D6}.Release|Any CPU.ActiveCfg = Release|Any CPU
		{BF330342-00B4-4BCF-ADD8-7A17F2E7B8D6}.Release|Any CPU.Build.0 = Release|Any CPU
		{131BBB9A-0F1B-482A-BDAA-15CB645D6C8D}.Debug|Any CPU.ActiveCfg = Debug|Any CPU
		{131BBB9A-0F1B-482A-BDAA-15CB645D6C8D}.Debug|Any CPU.Build.0 = Debug|Any CPU
		{131BBB9A-0F1B-482A-BDAA-15CB645D6C8D}.Release|Any CPU.ActiveCfg = Release|Any CPU
		{131BBB9A-0F1B-482A-BDAA-15CB645D6C8D}.Release|Any CPU.Build.0 = Release|Any CPU
		{573C7010-9E21-4BBC-959B-6B2B138A1AFE}.Debug|Any CPU.ActiveCfg = Debug|Any CPU
		{573C7010-9E21-4BBC-959B-6B2B138A1AFE}.Debug|Any CPU.Build.0 = Debug|Any CPU
		{573C7010-9E21-4BBC-959B-6B2B138A1AFE}.Release|Any CPU.ActiveCfg = Release|Any CPU
		{573C7010-9E21-4BBC-959B-6B2B138A1AFE}.Release|Any CPU.Build.0 = Release|Any CPU
		{0E5FCAC5-C8AA-418D-8A57-46B00ACC5B06}.Debug|Any CPU.ActiveCfg = Debug|Any CPU
		{0E5FCAC5-C8AA-418D-8A57-46B00ACC5B06}.Debug|Any CPU.Build.0 = Debug|Any CPU
		{0E5FCAC5-C8AA-418D-8A57-46B00ACC5B06}.Release|Any CPU.ActiveCfg = Release|Any CPU
		{0E5FCAC5-C8AA-418D-8A57-46B00ACC5B06}.Release|Any CPU.Build.0 = Release|Any CPU
		{52A238F7-4FAC-4908-9820-436A69954517}.Debug|Any CPU.ActiveCfg = Debug|Any CPU
		{52A238F7-4FAC-4908-9820-436A69954517}.Debug|Any CPU.Build.0 = Debug|Any CPU
		{52A238F7-4FAC-4908-9820-436A69954517}.Release|Any CPU.ActiveCfg = Release|Any CPU
		{52A238F7-4FAC-4908-9820-436A69954517}.Release|Any CPU.Build.0 = Release|Any CPU
		{8555724A-8365-47CB-8094-65D551A30583}.Debug|Any CPU.ActiveCfg = Debug|Any CPU
		{8555724A-8365-47CB-8094-65D551A30583}.Debug|Any CPU.Build.0 = Debug|Any CPU
		{8555724A-8365-47CB-8094-65D551A30583}.Release|Any CPU.ActiveCfg = Release|Any CPU
		{8555724A-8365-47CB-8094-65D551A30583}.Release|Any CPU.Build.0 = Release|Any CPU
		{CE988161-2C0C-4A4C-A8FC-256F0608DB61}.Debug|Any CPU.ActiveCfg = Debug|Any CPU
		{CE988161-2C0C-4A4C-A8FC-256F0608DB61}.Debug|Any CPU.Build.0 = Debug|Any CPU
		{CE988161-2C0C-4A4C-A8FC-256F0608DB61}.Release|Any CPU.ActiveCfg = Release|Any CPU
		{CE988161-2C0C-4A4C-A8FC-256F0608DB61}.Release|Any CPU.Build.0 = Release|Any CPU
		{1C100D34-A3C1-4B88-9B4C-9E23E0D69BB6}.Debug|Any CPU.ActiveCfg = Debug|Any CPU
		{1C100D34-A3C1-4B88-9B4C-9E23E0D69BB6}.Debug|Any CPU.Build.0 = Debug|Any CPU
		{1C100D34-A3C1-4B88-9B4C-9E23E0D69BB6}.Release|Any CPU.ActiveCfg = Release|Any CPU
		{1C100D34-A3C1-4B88-9B4C-9E23E0D69BB6}.Release|Any CPU.Build.0 = Release|Any CPU
		{B13AC080-BC26-479A-8AC9-29DA217768D5}.Debug|Any CPU.ActiveCfg = Debug|Any CPU
		{B13AC080-BC26-479A-8AC9-29DA217768D5}.Debug|Any CPU.Build.0 = Debug|Any CPU
		{B13AC080-BC26-479A-8AC9-29DA217768D5}.Release|Any CPU.ActiveCfg = Release|Any CPU
		{B13AC080-BC26-479A-8AC9-29DA217768D5}.Release|Any CPU.Build.0 = Release|Any CPU
		{C7D8956B-2300-4E19-9BE3-E4280B7A4BCD}.Debug|Any CPU.ActiveCfg = Debug|Any CPU
		{C7D8956B-2300-4E19-9BE3-E4280B7A4BCD}.Debug|Any CPU.Build.0 = Debug|Any CPU
		{C7D8956B-2300-4E19-9BE3-E4280B7A4BCD}.Release|Any CPU.ActiveCfg = Release|Any CPU
		{C7D8956B-2300-4E19-9BE3-E4280B7A4BCD}.Release|Any CPU.Build.0 = Release|Any CPU
		{FCF422C3-6327-4B7C-82F0-B6B53382B8E9}.Debug|Any CPU.ActiveCfg = Debug|Any CPU
		{FCF422C3-6327-4B7C-82F0-B6B53382B8E9}.Debug|Any CPU.Build.0 = Debug|Any CPU
		{FCF422C3-6327-4B7C-82F0-B6B53382B8E9}.Release|Any CPU.ActiveCfg = Release|Any CPU
		{FCF422C3-6327-4B7C-82F0-B6B53382B8E9}.Release|Any CPU.Build.0 = Release|Any CPU
		{1A564AF7-A995-4CCD-B0C6-F44239048F68}.Debug|Any CPU.ActiveCfg = Debug|Any CPU
		{1A564AF7-A995-4CCD-B0C6-F44239048F68}.Debug|Any CPU.Build.0 = Debug|Any CPU
		{1A564AF7-A995-4CCD-B0C6-F44239048F68}.Release|Any CPU.ActiveCfg = Release|Any CPU
		{1A564AF7-A995-4CCD-B0C6-F44239048F68}.Release|Any CPU.Build.0 = Release|Any CPU
	EndGlobalSection
	GlobalSection(SolutionProperties) = preSolution
		HideSolutionNode = FALSE
	EndGlobalSection
	GlobalSection(NestedProjects) = preSolution
		{42889655-2AF8-4E9D-A1B7-B6681EBE676E} = {1111D1B6-F32B-45A6-85F1-5650E15BE8DF}
		{966F2845-112F-4A4B-83EA-E18CBDD1FAF6} = {C8C5CC62-2378-461F-9A4E-1ADB218A6FFE}
		{3E8326CC-9FCE-407D-BA03-BE1556E4ADB2} = {966F2845-112F-4A4B-83EA-E18CBDD1FAF6}
		{4DD004F4-3EB6-44D7-A42A-EBFADEDE3085} = {966F2845-112F-4A4B-83EA-E18CBDD1FAF6}
		{2B4B02A3-CB36-46E8-9E80-34A0F6475EEE} = {966F2845-112F-4A4B-83EA-E18CBDD1FAF6}
		{1AEEC587-A3D0-42FC-805D-56E206678236} = {966F2845-112F-4A4B-83EA-E18CBDD1FAF6}
		{3A38AD5A-994F-409F-B0C4-E27F9807CED0} = {1111D1B6-F32B-45A6-85F1-5650E15BE8DF}
		{527801F0-7CF8-4B88-9872-AAE371759F87} = {C8C5CC62-2378-461F-9A4E-1ADB218A6FFE}
		{475C0939-4D58-4AD6-B9D1-EF9B56737AC8} = {527801F0-7CF8-4B88-9872-AAE371759F87}
		{8E359095-D60D-4C5C-BCB9-46DD3BB1605C} = {8917E572-DD52-4847-A036-CD94A7A06632}
		{1111D1B6-F32B-45A6-85F1-5650E15BE8DF} = {8917E572-DD52-4847-A036-CD94A7A06632}
		{FF692541-B65C-44CB-A3CD-5AEF8A898917} = {8E359095-D60D-4C5C-BCB9-46DD3BB1605C}
		{FB920263-B52A-4F7F-AA06-FC8451B37315} = {42889655-2AF8-4E9D-A1B7-B6681EBE676E}
		{E883A9B5-32FF-4370-90BD-AF830C8D569D} = {42889655-2AF8-4E9D-A1B7-B6681EBE676E}
		{47522A31-5FB3-4051-BA24-DC62942D6A2E} = {42889655-2AF8-4E9D-A1B7-B6681EBE676E}
		{D4A7DDD5-9FDC-4728-ABB7-0E87CBFC881C} = {3A38AD5A-994F-409F-B0C4-E27F9807CED0}
		{E757D0C4-36CC-4902-8AC0-8B564F003295} = {3A38AD5A-994F-409F-B0C4-E27F9807CED0}
		{AAB62566-1AB2-4A33-AA9D-F152FB5DFABA} = {3A38AD5A-994F-409F-B0C4-E27F9807CED0}
		{0BE8A644-C992-418D-863B-A919A6E429F1} = {3A38AD5A-994F-409F-B0C4-E27F9807CED0}
		{A80C77F9-C450-45DB-BD2B-4C827F3B8066} = {3A38AD5A-994F-409F-B0C4-E27F9807CED0}
		{E2AAC65F-E7BD-40D1-AC8A-5CA1914C5767} = {3A38AD5A-994F-409F-B0C4-E27F9807CED0}
		{6DF2F73C-8046-41F7-9820-B9D4CA182772} = {3A38AD5A-994F-409F-B0C4-E27F9807CED0}
		{C2C81D84-47A2-451D-ABCB-7A93C923AB7D} = {3A38AD5A-994F-409F-B0C4-E27F9807CED0}
		{BF330342-00B4-4BCF-ADD8-7A17F2E7B8D6} = {3A38AD5A-994F-409F-B0C4-E27F9807CED0}
		{131BBB9A-0F1B-482A-BDAA-15CB645D6C8D} = {3A38AD5A-994F-409F-B0C4-E27F9807CED0}
		{573C7010-9E21-4BBC-959B-6B2B138A1AFE} = {3A38AD5A-994F-409F-B0C4-E27F9807CED0}
		{0E5FCAC5-C8AA-418D-8A57-46B00ACC5B06} = {3A38AD5A-994F-409F-B0C4-E27F9807CED0}
		{52A238F7-4FAC-4908-9820-436A69954517} = {3A38AD5A-994F-409F-B0C4-E27F9807CED0}
		{8555724A-8365-47CB-8094-65D551A30583} = {3A38AD5A-994F-409F-B0C4-E27F9807CED0}
		{CE988161-2C0C-4A4C-A8FC-256F0608DB61} = {3A38AD5A-994F-409F-B0C4-E27F9807CED0}
		{1C100D34-A3C1-4B88-9B4C-9E23E0D69BB6} = {3A38AD5A-994F-409F-B0C4-E27F9807CED0}
		{B13AC080-BC26-479A-8AC9-29DA217768D5} = {3A38AD5A-994F-409F-B0C4-E27F9807CED0}
		{C7D8956B-2300-4E19-9BE3-E4280B7A4BCD} = {42889655-2AF8-4E9D-A1B7-B6681EBE676E}
		{D4C43EB0-0E3C-4DE4-882E-17C20A3E6DBC} = {8917E572-DD52-4847-A036-CD94A7A06632}
		{FCF422C3-6327-4B7C-82F0-B6B53382B8E9} = {D4C43EB0-0E3C-4DE4-882E-17C20A3E6DBC}
		{1A564AF7-A995-4CCD-B0C6-F44239048F68} = {D4C43EB0-0E3C-4DE4-882E-17C20A3E6DBC}
	EndGlobalSection
	GlobalSection(ExtensibilityGlobals) = postSolution
		SolutionGuid = {669EA63B-F246-4136-B44C-1FFFB9175698}
	EndGlobalSection
EndGlobal
